
Microsoft Visual Studio Solution File, Format Version 11.00
# Visual Studio 2010
Project("{FAE04EC0-301F-11D3-BF4B-00C04F79EFBC}") = "Auth.GG Winform Example", "Auth.GG Winform Example\Auth.GG Winform Example.csproj", "{D5310120-1180-4A53-830A-CA5D50AF3DBC}"
EndProject
Global
	GlobalSection(SolutionConfigurationPlatforms) = preSolution
		Debug|Any CPU = Debug|Any CPU
		Release|Any CPU = Release|Any CPU
	EndGlobalSection
	GlobalSection(ProjectConfigurationPlatforms) = postSolution
		{D5310120-1180-4A53-830A-CA5D50AF3DBC}.Debug|Any CPU.ActiveCfg = Debug|Any CPU
		{D5310120-1180-4A53-830A-CA5D50AF3DBC}.Debug|Any CPU.Build.0 = Debug|Any CPU
		{D5310120-1180-4A53-830A-CA5D50AF3DBC}.Release|Any CPU.ActiveCfg = Release|Any CPU
		{D5310120-1180-4A53-830A-CA5D50AF3DBC}.Release|Any CPU.Build.0 = Release|Any CPU
	EndGlobalSection
	GlobalSection(SolutionProperties) = preSolution
		HideSolutionNode = FALSE
	EndGlobalSection
EndGlobal
